
Microsoft Visual Studio Solution File, Format Version 12.00
# Visual Studio Version 17
VisualStudioVersion = 17.6.33829.357
MinimumVisualStudioVersion = 10.0.40219.1
Project("{9A19103F-16F7-4668-BE54-9A1E7A4F7556}") = "MoodAnalyserProblem", "MoodAnalyserProblem.csproj", "{9B895584-A74B-45F9-B759-B9AA21C9FF6D}"
EndProject
Project("{9A19103F-16F7-4668-BE54-9A1E7A4F7556}") = "MoodAnalyserTest", "..\MoodAnaliserTest\MoodAnalyserTest.csproj", "{BA94E92D-1645-4818-86CC-665E646E7EAE}"
EndProject
Global
	GlobalSection(SolutionConfigurationPlatforms) = preSolution
		Debug|Any CPU = Debug|Any CPU
		Release|Any CPU = Release|Any CPU
	EndGlobalSection
	GlobalSection(ProjectConfigurationPlatforms) = postSolution
		{9B895584-A74B-45F9-B759-B9AA21C9FF6D}.Debug|Any CPU.ActiveCfg = Debug|Any CPU
		{9B895584-A74B-45F9-B759-B9AA21C9FF6D}.Debug|Any CPU.Build.0 = Debug|Any CPU
		{9B895584-A74B-45F9-B759-B9AA21C9FF6D}.Release|Any CPU.ActiveCfg = Release|Any CPU
		{9B895584-A74B-45F9-B759-B9AA21C9FF6D}.Release|Any CPU.Build.0 = Release|Any CPU
		{BA94E92D-1645-4818-86CC-665E646E7EAE}.Debug|Any CPU.ActiveCfg = Debug|Any CPU
		{BA94E92D-1645-4818-86CC-665E646E7EAE}.Debug|Any CPU.Build.0 = Debug|Any CPU
		{BA94E92D-1645-4818-86CC-665E646E7EAE}.Release|Any CPU.ActiveCfg = Release|Any CPU
		{BA94E92D-1645-4818-86CC-665E646E7EAE}.Release|Any CPU.Build.0 = Release|Any CPU
	EndGlobalSection
	GlobalSection(SolutionProperties) = preSolution
		HideSolutionNode = FALSE
	EndGlobalSection
	GlobalSection(ExtensibilityGlobals) = postSolution
		SolutionGuid = {FB1A5134-45CA-4259-8E5E-DC885C7F38C7}
	EndGlobalSection
EndGlobal
